{
  "name": "trevas-tk95",
  "version": "1.0.0",
  "lockfileVersion": 2,
  "requires": true,
  "packages": {
    "": {
      "name": "trevas-tk95",
      "version": "1.0.0",
      "devDependencies": {
        "pasmo": "0.5.5",
        "z80-emulator": "2.3.0"
      }
    },
    "node_modules/pasmo": {
      "version": "0.5.5",
      "resolved": "https://registry.npmjs.org/pasmo/-/pasmo-0.5.5.tgz",
      "integrity": "sha512-7SvonyZKl7kXteUtw/PUgUpTkJIoMNShmIBOg6hFCLeixRbNMh8aCaWOVAXKj+aoPJZBN58Kxdw0N0twU45MPw==",
      "dev": true
    },
    "node_modules/z80-base": {
      "version": "2.0.1",
      "resolved": "https://registry.npmjs.org/z80-base/-/z80-base-2.0.1.tgz",
      "integrity": "sha512-Zflx/2fATJ1cMXiiqBFbOadHvC12Yg12CHCiEGGaOnkA18SxRVCiBDpNRuYm7MGGHdBlDTwdlDS8Ga4OC0G88A==",
      "deprecated": "Package no longer supported. Contact Support at https://www.npmjs.com/support for more info.",
      "dev": true
    },
    "node_modules/z80-emulator": {
      "version": "2.3.0",
      "resolved": "https://registry.npmjs.org/z80-emulator/-/z80-emulator-2.3.0.tgz",
      "integrity": "sha512-+tFFzTuarvgORru5N9LC6RREOkayrsX4ADHxi+mPXPSQGXJzDzde3j5g+zp88LucLOI4ZQCj5VqPF/YjqW9GNw==",
      "deprecated": "Package no longer supported. Contact Support at https://www.npmjs.com/support for more info.",
      "dev": true,
      "dependencies": {
        "z80-base": "^2.0.1"
      }
    }
  },
  "dependencies": {
    "pasmo": {
      "version": "0.5.5",
      "resolved": "https://registry.npmjs.org/pasmo/-/pasmo-0.5.5.tgz",
      "integrity": "sha512-7SvonyZKl7kXteUtw/PUgUpTkJIoMNShmIBOg6hFCLeixRbNMh8aCaWOVAXKj+aoPJZBN58Kxdw0N0twU45MPw==",
      "dev": true
    },
    "z80-base": {
      "version": "2.0.1",
      "resolved": "https://registry.npmjs.org/z80-base/-/z80-base-2.0.1.tgz",
      "integrity": "sha512-Zflx/2fATJ1cMXiiqBFbOadHvC12Yg12CHCiEGGaOnkA18SxRVCiBDpNRuYm7MGGHdBlDTwdlDS8Ga4OC0G88A==",
      "dev": true
    },
    "z80-emulator": {
      "version": "2.3.0",
      "resolved": "https://registry.npmjs.org/z80-emulator/-/z80-emulator-2.3.0.tgz",
      "integrity": "sha512-+tFFzTuarvgORru5N9LC6RREOkayrsX4ADHxi+mPXPSQGXJzDzde3j5g+zp88LucLOI4ZQCj5VqPF/YjqW9GNw==",
      "dev": true,
      "requires": {
        "z80-base": "^2.0.1"
      }
    }
  }
}
